// !$*UTF8*$!
{
	archiveVersion = 1;
	classes = {
	};
	objectVersion = 51;
	objects = {

/* Begin PBXBuildFile section */
		05102D072345D8A90029DEE8 /* ApiManager.swift in Sources */ = {isa = PBXBuildFile; fileRef = 05102D062345D8A90029DEE8 /* ApiManager.swift */; };
		051578702342336600B01A11 /* friendListViewController.swift in Sources */ = {isa = PBXBuildFile; fileRef = 0515786F2342336600B01A11 /* friendListViewController.swift */; };
		05157874234238D700B01A11 /* Friend.swift in Sources */ = {isa = PBXBuildFile; fileRef = 05157873234238D700B01A11 /* Friend.swift */; };
		0515787723423A8500B01A11 /* FriendListTableViewCell.swift in Sources */ = {isa = PBXBuildFile; fileRef = 0515787523423A8500B01A11 /* FriendListTableViewCell.swift */; };
		0515787823423A8500B01A11 /* FriendListTableViewCell.xib in Resources */ = {isa = PBXBuildFile; fileRef = 0515787623423A8500B01A11 /* FriendListTableViewCell.xib */; };
		0540130A23452733003CE560 /* TakePhotoViewController.swift in Sources */ = {isa = PBXBuildFile; fileRef = 0540130923452733003CE560 /* TakePhotoViewController.swift */; };
		0540130C23452CD8003CE560 /* APIManager.swift in Sources */ = {isa = PBXBuildFile; fileRef = 0540130B23452CD8003CE560 /* APIManager.swift */; };
		05F3A7A02343635F0041A3DE /* mainpageViewController.swift in Sources */ = {isa = PBXBuildFile; fileRef = 05F3A79F2343635F0041A3DE /* mainpageViewController.swift */; };
		441A3D6124ABC685DCB75D43 /* Pods_hackthonUITests.framework in Frameworks */ = {isa = PBXBuildFile; fileRef = 62C7ED610DBCDFDF268C5F86 /* Pods_hackthonUITests.framework */; };
		7EA71E4A233FA01300C7C9FD /* addFriendsViewController.swift in Sources */ = {isa = PBXBuildFile; fileRef = 7EA71E49233FA01300C7C9FD /* addFriendsViewController.swift */; };
		7EA71E4C233FA47100C7C9FD /* addFriendsHelper.swift in Sources */ = {isa = PBXBuildFile; fileRef = 7EA71E4B233FA47100C7C9FD /* addFriendsHelper.swift */; };
		7EA71E4E233FBF5F00C7C9FD /* conTactListViewController.swift in Sources */ = {isa = PBXBuildFile; fileRef = 7EA71E4D233FBF5F00C7C9FD /* conTactListViewController.swift */; };
		7EA71E50233FC13F00C7C9FD /* conTactTableViewCell.swift in Sources */ = {isa = PBXBuildFile; fileRef = 7EA71E4F233FC13F00C7C9FD /* conTactTableViewCell.swift */; };
		7EA71E52233FC38F00C7C9FD /* contactObj.swift in Sources */ = {isa = PBXBuildFile; fileRef = 7EA71E51233FC38F00C7C9FD /* contactObj.swift */; };
		93CBF77F2B43315233FC60E1 /* Pods_hackthon.framework in Frameworks */ = {isa = PBXBuildFile; fileRef = 0DF4FFAA91E13234E2831BF4 /* Pods_hackthon.framework */; };
		AE24540C23386AAC00E84170 /* TakePhoto.storyboard in Resources */ = {isa = PBXBuildFile; fileRef = AE24540B23386AAC00E84170 /* TakePhoto.storyboard */; };
		AE2454D2233B8C6600E84170 /* mainpage.storyboard in Resources */ = {isa = PBXBuildFile; fileRef = AE2454D1233B8C6600E84170 /* mainpage.storyboard */; };
		AE2454D4233B932800E84170 /* success.storyboard in Resources */ = {isa = PBXBuildFile; fileRef = AE2454D3233B932800E84170 /* success.storyboard */; };
		AE2454D6233B953900E84170 /* addFriend.storyboard in Resources */ = {isa = PBXBuildFile; fileRef = AE2454D5233B953900E84170 /* addFriend.storyboard */; };
		AE624F062345E82C0080FA4A /* CameraController.swift in Sources */ = {isa = PBXBuildFile; fileRef = AE624F052345E82C0080FA4A /* CameraController.swift */; };
		AEB6A9572336865B009DD791 /* login.storyboard in Resources */ = {isa = PBXBuildFile; fileRef = AEB6A9562336865B009DD791 /* login.storyboard */; };
		AEB6A95B23368934009DD791 /* FriendList.storyboard in Resources */ = {isa = PBXBuildFile; fileRef = AEB6A95A23368934009DD791 /* FriendList.storyboard */; };
		B8397D39233476150064FFEA /* AppDelegate.swift in Sources */ = {isa = PBXBuildFile; fileRef = B8397D38233476150064FFEA /* AppDelegate.swift */; };
		B8397D3B233476150064FFEA /* ViewController.swift in Sources */ = {isa = PBXBuildFile; fileRef = B8397D3A233476150064FFEA /* ViewController.swift */; };
		B8397D3E233476150064FFEA /* Main.storyboard in Resources */ = {isa = PBXBuildFile; fileRef = B8397D3C233476150064FFEA /* Main.storyboard */; };
		B8397D40233476160064FFEA /* Assets.xcassets in Resources */ = {isa = PBXBuildFile; fileRef = B8397D3F233476160064FFEA /* Assets.xcassets */; };
		B8397D43233476160064FFEA /* LaunchScreen.storyboard in Resources */ = {isa = PBXBuildFile; fileRef = B8397D41233476160064FFEA /* LaunchScreen.storyboard */; };
		B8397D4E233476160064FFEA /* hackthonTests.swift in Sources */ = {isa = PBXBuildFile; fileRef = B8397D4D233476160064FFEA /* hackthonTests.swift */; };
		B8397D59233476160064FFEA /* hackthonUITests.swift in Sources */ = {isa = PBXBuildFile; fileRef = B8397D58233476160064FFEA /* hackthonUITests.swift */; };
		F8BF76DCF0B19802788FF939 /* Pods_hackthonTests.framework in Frameworks */ = {isa = PBXBuildFile; fileRef = BEE7E79A59D7F23EF15375D0 /* Pods_hackthonTests.framework */; };
/* End PBXBuildFile section */

/* Begin PBXContainerItemProxy section */
		B8397D4A233476160064FFEA /* PBXContainerItemProxy */ = {
			isa = PBXContainerItemProxy;
			containerPortal = B8397D2D233476150064FFEA /* Project object */;
			proxyType = 1;
			remoteGlobalIDString = B8397D34233476150064FFEA;
			remoteInfo = hackthon;
		};
		B8397D55233476160064FFEA /* PBXContainerItemProxy */ = {
			isa = PBXContainerItemProxy;
			containerPortal = B8397D2D233476150064FFEA /* Project object */;
			proxyType = 1;
			remoteGlobalIDString = B8397D34233476150064FFEA;
			remoteInfo = hackthon;
		};
/* End PBXContainerItemProxy section */

/* Begin PBXFileReference section */
		05102D062345D8A90029DEE8 /* ApiManager.swift */ = {isa = PBXFileReference; lastKnownFileType = sourcecode.swift; name = ApiManager.swift; path = ../ApiManager.swift; sourceTree = "<group>"; };
		0515786F2342336600B01A11 /* friendListViewController.swift */ = {isa = PBXFileReference; lastKnownFileType = sourcecode.swift; path = friendListViewController.swift; sourceTree = "<group>"; };
		05157873234238D700B01A11 /* Friend.swift */ = {isa = PBXFileReference; lastKnownFileType = sourcecode.swift; path = Friend.swift; sourceTree = "<group>"; };
		0515787523423A8500B01A11 /* FriendListTableViewCell.swift */ = {isa = PBXFileReference; lastKnownFileType = sourcecode.swift; path = FriendListTableViewCell.swift; sourceTree = "<group>"; };
		0515787623423A8500B01A11 /* FriendListTableViewCell.xib */ = {isa = PBXFileReference; lastKnownFileType = file.xib; path = FriendListTableViewCell.xib; sourceTree = "<group>"; };
		0540130923452733003CE560 /* TakePhotoViewController.swift */ = {isa = PBXFileReference; lastKnownFileType = sourcecode.swift; path = TakePhotoViewController.swift; sourceTree = "<group>"; };
		0540130B23452CD8003CE560 /* APIManager.swift */ = {isa = PBXFileReference; lastKnownFileType = sourcecode.swift; path = APIManager.swift; sourceTree = "<group>"; };
		05F3A79F2343635F0041A3DE /* mainpageViewController.swift */ = {isa = PBXFileReference; lastKnownFileType = sourcecode.swift; path = mainpageViewController.swift; sourceTree = "<group>"; };
		0DF4FFAA91E13234E2831BF4 /* Pods_hackthon.framework */ = {isa = PBXFileReference; explicitFileType = wrapper.framework; includeInIndex = 0; path = Pods_hackthon.framework; sourceTree = BUILT_PRODUCTS_DIR; };
		169CB8A32555B51F9283D6B6 /* Pods-hackthonUITests.release.xcconfig */ = {isa = PBXFileReference; includeInIndex = 1; lastKnownFileType = text.xcconfig; name = "Pods-hackthonUITests.release.xcconfig"; path = "Target Support Files/Pods-hackthonUITests/Pods-hackthonUITests.release.xcconfig"; sourceTree = "<group>"; };
		22D0BA0662685B79BAA59849 /* Pods-hackthonUITests.debug.xcconfig */ = {isa = PBXFileReference; includeInIndex = 1; lastKnownFileType = text.xcconfig; name = "Pods-hackthonUITests.debug.xcconfig"; path = "Target Support Files/Pods-hackthonUITests/Pods-hackthonUITests.debug.xcconfig"; sourceTree = "<group>"; };
		62C7ED610DBCDFDF268C5F86 /* Pods_hackthonUITests.framework */ = {isa = PBXFileReference; explicitFileType = wrapper.framework; includeInIndex = 0; path = Pods_hackthonUITests.framework; sourceTree = BUILT_PRODUCTS_DIR; };
		7A0C489C5B1C0A9975CD0AE8 /* Pods-hackthonTests.debug.xcconfig */ = {isa = PBXFileReference; includeInIndex = 1; lastKnownFileType = text.xcconfig; name = "Pods-hackthonTests.debug.xcconfig"; path = "Target Support Files/Pods-hackthonTests/Pods-hackthonTests.debug.xcconfig"; sourceTree = "<group>"; };
		7EA71E49233FA01300C7C9FD /* addFriendsViewController.swift */ = {isa = PBXFileReference; lastKnownFileType = sourcecode.swift; path = addFriendsViewController.swift; sourceTree = "<group>"; };
		7EA71E4B233FA47100C7C9FD /* addFriendsHelper.swift */ = {isa = PBXFileReference; lastKnownFileType = sourcecode.swift; path = addFriendsHelper.swift; sourceTree = "<group>"; };
		7EA71E4D233FBF5F00C7C9FD /* conTactListViewController.swift */ = {isa = PBXFileReference; lastKnownFileType = sourcecode.swift; path = conTactListViewController.swift; sourceTree = "<group>"; };
		7EA71E4F233FC13F00C7C9FD /* conTactTableViewCell.swift */ = {isa = PBXFileReference; lastKnownFileType = sourcecode.swift; path = conTactTableViewCell.swift; sourceTree = "<group>"; };
		7EA71E51233FC38F00C7C9FD /* contactObj.swift */ = {isa = PBXFileReference; lastKnownFileType = sourcecode.swift; path = contactObj.swift; sourceTree = "<group>"; };
		8508340FB5E5A6AC51AD0D16 /* Pods-hackthon.release.xcconfig */ = {isa = PBXFileReference; includeInIndex = 1; lastKnownFileType = text.xcconfig; name = "Pods-hackthon.release.xcconfig"; path = "Target Support Files/Pods-hackthon/Pods-hackthon.release.xcconfig"; sourceTree = "<group>"; };
		9FFB32C384D171E200BDB900 /* Pods-hackthonTests.release.xcconfig */ = {isa = PBXFileReference; includeInIndex = 1; lastKnownFileType = text.xcconfig; name = "Pods-hackthonTests.release.xcconfig"; path = "Target Support Files/Pods-hackthonTests/Pods-hackthonTests.release.xcconfig"; sourceTree = "<group>"; };
		A852BCB7595BEE1235795C72 /* Pods-hackthon.debug.xcconfig */ = {isa = PBXFileReference; includeInIndex = 1; lastKnownFileType = text.xcconfig; name = "Pods-hackthon.debug.xcconfig"; path = "Target Support Files/Pods-hackthon/Pods-hackthon.debug.xcconfig"; sourceTree = "<group>"; };
		AE24540B23386AAC00E84170 /* TakePhoto.storyboard */ = {isa = PBXFileReference; lastKnownFileType = file.storyboard; path = TakePhoto.storyboard; sourceTree = "<group>"; };
		AE2454D1233B8C6600E84170 /* mainpage.storyboard */ = {isa = PBXFileReference; lastKnownFileType = file.storyboard; path = mainpage.storyboard; sourceTree = "<group>"; };
		AE2454D3233B932800E84170 /* success.storyboard */ = {isa = PBXFileReference; lastKnownFileType = file.storyboard; path = success.storyboard; sourceTree = "<group>"; };
		AE2454D5233B953900E84170 /* addFriend.storyboard */ = {isa = PBXFileReference; lastKnownFileType = file.storyboard; path = addFriend.storyboard; sourceTree = "<group>"; };
		AE624F052345E82C0080FA4A /* CameraController.swift */ = {isa = PBXFileReference; fileEncoding = 4; lastKnownFileType = sourcecode.swift; path = CameraController.swift; sourceTree = "<group>"; };
		AEB6A9562336865B009DD791 /* login.storyboard */ = {isa = PBXFileReference; lastKnownFileType = file.storyboard; path = login.storyboard; sourceTree = "<group>"; };
		AEB6A95A23368934009DD791 /* FriendList.storyboard */ = {isa = PBXFileReference; lastKnownFileType = file.storyboard; path = FriendList.storyboard; sourceTree = "<group>"; };
		B8397D35233476150064FFEA /* hackthon.app */ = {isa = PBXFileReference; explicitFileType = wrapper.application; includeInIndex = 0; path = hackthon.app; sourceTree = BUILT_PRODUCTS_DIR; };
		B8397D38233476150064FFEA /* AppDelegate.swift */ = {isa = PBXFileReference; lastKnownFileType = sourcecode.swift; path = AppDelegate.swift; sourceTree = "<group>"; };
		B8397D3A233476150064FFEA /* ViewController.swift */ = {isa = PBXFileReference; lastKnownFileType = sourcecode.swift; path = ViewController.swift; sourceTree = "<group>"; };
		B8397D3D233476150064FFEA /* Base */ = {isa = PBXFileReference; lastKnownFileType = file.storyboard; name = Base; path = Base.lproj/Main.storyboard; sourceTree = "<group>"; };
		B8397D3F233476160064FFEA /* Assets.xcassets */ = {isa = PBXFileReference; lastKnownFileType = folder.assetcatalog; path = Assets.xcassets; sourceTree = "<group>"; };
		B8397D42233476160064FFEA /* Base */ = {isa = PBXFileReference; lastKnownFileType = file.storyboard; name = Base; path = Base.lproj/LaunchScreen.storyboard; sourceTree = "<group>"; };
		B8397D44233476160064FFEA /* Info.plist */ = {isa = PBXFileReference; lastKnownFileType = text.plist.xml; path = Info.plist; sourceTree = "<group>"; };
		B8397D49233476160064FFEA /* hackthonTests.xctest */ = {isa = PBXFileReference; explicitFileType = wrapper.cfbundle; includeInIndex = 0; path = hackthonTests.xctest; sourceTree = BUILT_PRODUCTS_DIR; };
		B8397D4D233476160064FFEA /* hackthonTests.swift */ = {isa = PBXFileReference; lastKnownFileType = sourcecode.swift; path = hackthonTests.swift; sourceTree = "<group>"; };
		B8397D4F233476160064FFEA /* Info.plist */ = {isa = PBXFileReference; lastKnownFileType = text.plist.xml; path = Info.plist; sourceTree = "<group>"; };
		B8397D54233476160064FFEA /* hackthonUITests.xctest */ = {isa = PBXFileReference; explicitFileType = wrapper.cfbundle; includeInIndex = 0; path = hackthonUITests.xctest; sourceTree = BUILT_PRODUCTS_DIR; };
		B8397D58233476160064FFEA /* hackthonUITests.swift */ = {isa = PBXFileReference; lastKnownFileType = sourcecode.swift; path = hackthonUITests.swift; sourceTree = "<group>"; };
		B8397D5A233476160064FFEA /* Info.plist */ = {isa = PBXFileReference; lastKnownFileType = text.plist.xml; path = Info.plist; sourceTree = "<group>"; };
		BEE7E79A59D7F23EF15375D0 /* Pods_hackthonTests.framework */ = {isa = PBXFileReference; explicitFileType = wrapper.framework; includeInIndex = 0; path = Pods_hackthonTests.framework; sourceTree = BUILT_PRODUCTS_DIR; };
/* End PBXFileReference section */

/* Begin PBXFrameworksBuildPhase section */
		B8397D32233476150064FFEA /* Frameworks */ = {
			isa = PBXFrameworksBuildPhase;
			buildActionMask = 2147483647;
			files = (
				93CBF77F2B43315233FC60E1 /* Pods_hackthon.framework in Frameworks */,
			);
			runOnlyForDeploymentPostprocessing = 0;
		};
		B8397D46233476160064FFEA /* Frameworks */ = {
			isa = PBXFrameworksBuildPhase;
			buildActionMask = 2147483647;
			files = (
				F8BF76DCF0B19802788FF939 /* Pods_hackthonTests.framework in Frameworks */,
			);
			runOnlyForDeploymentPostprocessing = 0;
		};
		B8397D51233476160064FFEA /* Frameworks */ = {
			isa = PBXFrameworksBuildPhase;
			buildActionMask = 2147483647;
			files = (
				441A3D6124ABC685DCB75D43 /* Pods_hackthonUITests.framework in Frameworks */,
			);
			runOnlyForDeploymentPostprocessing = 0;
		};
/* End PBXFrameworksBuildPhase section */

/* Begin PBXGroup section */
		047F12EEB8BC0F7FA1299800 /* Pods */ = {
			isa = PBXGroup;
			children = (
				A852BCB7595BEE1235795C72 /* Pods-hackthon.debug.xcconfig */,
				8508340FB5E5A6AC51AD0D16 /* Pods-hackthon.release.xcconfig */,
				7A0C489C5B1C0A9975CD0AE8 /* Pods-hackthonTests.debug.xcconfig */,
				9FFB32C384D171E200BDB900 /* Pods-hackthonTests.release.xcconfig */,
				22D0BA0662685B79BAA59849 /* Pods-hackthonUITests.debug.xcconfig */,
				169CB8A32555B51F9283D6B6 /* Pods-hackthonUITests.release.xcconfig */,
			);
			path = Pods;
			sourceTree = "<group>";
		};
		8DF4EA580FC3C7E383985AA6 /* Frameworks */ = {
			isa = PBXGroup;
			children = (
				0DF4FFAA91E13234E2831BF4 /* Pods_hackthon.framework */,
				BEE7E79A59D7F23EF15375D0 /* Pods_hackthonTests.framework */,
				62C7ED610DBCDFDF268C5F86 /* Pods_hackthonUITests.framework */,
			);
			name = Frameworks;
			sourceTree = "<group>";
		};
		B8397D2C233476150064FFEA = {
			isa = PBXGroup;
			children = (
				B8397D37233476150064FFEA /* hackthon */,
				B8397D4C233476160064FFEA /* hackthonTests */,
				B8397D57233476160064FFEA /* hackthonUITests */,
				B8397D36233476150064FFEA /* Products */,
				047F12EEB8BC0F7FA1299800 /* Pods */,
				8DF4EA580FC3C7E383985AA6 /* Frameworks */,
			);
			sourceTree = "<group>";
		};
		B8397D36233476150064FFEA /* Products */ = {
			isa = PBXGroup;
			children = (
				B8397D35233476150064FFEA /* hackthon.app */,
				B8397D49233476160064FFEA /* hackthonTests.xctest */,
				B8397D54233476160064FFEA /* hackthonUITests.xctest */,
			);
			name = Products;
			sourceTree = "<group>";
		};
		B8397D37233476150064FFEA /* hackthon */ = {
			isa = PBXGroup;
			children = (
				AE624F052345E82C0080FA4A /* CameraController.swift */,
				05102D062345D8A90029DEE8 /* ApiManager.swift */,
				B8397D38233476150064FFEA /* AppDelegate.swift */,
				B8397D3A233476150064FFEA /* ViewController.swift */,
				B8397D3C233476150064FFEA /* Main.storyboard */,
				B8397D3F233476160064FFEA /* Assets.xcassets */,
				B8397D41233476160064FFEA /* LaunchScreen.storyboard */,
				B8397D44233476160064FFEA /* Info.plist */,
				AEB6A9562336865B009DD791 /* login.storyboard */,
				AEB6A95A23368934009DD791 /* FriendList.storyboard */,
				AE24540B23386AAC00E84170 /* TakePhoto.storyboard */,
				AE2454D1233B8C6600E84170 /* mainpage.storyboard */,
				AE2454D3233B932800E84170 /* success.storyboard */,
				AE2454D5233B953900E84170 /* addFriend.storyboard */,
				7EA71E4D233FBF5F00C7C9FD /* conTactListViewController.swift */,
				7EA71E49233FA01300C7C9FD /* addFriendsViewController.swift */,
				7EA71E4B233FA47100C7C9FD /* addFriendsHelper.swift */,
				7EA71E4F233FC13F00C7C9FD /* conTactTableViewCell.swift */,
				7EA71E51233FC38F00C7C9FD /* contactObj.swift */,
				0515786F2342336600B01A11 /* friendListViewController.swift */,
				05157873234238D700B01A11 /* Friend.swift */,
				0515787523423A8500B01A11 /* FriendListTableViewCell.swift */,
				0515787623423A8500B01A11 /* FriendListTableViewCell.xib */,
				05F3A79F2343635F0041A3DE /* mainpageViewController.swift */,
				0540130923452733003CE560 /* TakePhotoViewController.swift */,
				0540130B23452CD8003CE560 /* APIManager.swift */,
			);
			path = hackthon;
			sourceTree = "<group>";
		};
		B8397D4C233476160064FFEA /* hackthonTests */ = {
			isa = PBXGroup;
			children = (
				B8397D4D233476160064FFEA /* hackthonTests.swift */,
				B8397D4F233476160064FFEA /* Info.plist */,
			);
			path = hackthonTests;
			sourceTree = "<group>";
		};
		B8397D57233476160064FFEA /* hackthonUITests */ = {
			isa = PBXGroup;
			children = (
				B8397D58233476160064FFEA /* hackthonUITests.swift */,
				B8397D5A233476160064FFEA /* Info.plist */,
			);
			path = hackthonUITests;
			sourceTree = "<group>";
		};
/* End PBXGroup section */

/* Begin PBXNativeTarget section */
		B8397D34233476150064FFEA /* hackthon */ = {
			isa = PBXNativeTarget;
			buildConfigurationList = B8397D5D233476160064FFEA /* Build configuration list for PBXNativeTarget "hackthon" */;
			buildPhases = (
				9160C10DED0EB29B4B7E40C2 /* [CP] Check Pods Manifest.lock */,
				B8397D31233476150064FFEA /* Sources */,
				B8397D32233476150064FFEA /* Frameworks */,
				B8397D33233476150064FFEA /* Resources */,
				0A30E9635BE247D08EFCB5E0 /* [CP] Embed Pods Frameworks */,
			);
			buildRules = (
			);
			dependencies = (
			);
			name = hackthon;
			productName = hackthon;
			productReference = B8397D35233476150064FFEA /* hackthon.app */;
			productType = "com.apple.product-type.application";
		};
		B8397D48233476160064FFEA /* hackthonTests */ = {
			isa = PBXNativeTarget;
			buildConfigurationList = B8397D60233476160064FFEA /* Build configuration list for PBXNativeTarget "hackthonTests" */;
			buildPhases = (
				ABB15F187CE27C896F12332E /* [CP] Check Pods Manifest.lock */,
				B8397D45233476160064FFEA /* Sources */,
				B8397D46233476160064FFEA /* Frameworks */,
				B8397D47233476160064FFEA /* Resources */,
			);
			buildRules = (
			);
			dependencies = (
				B8397D4B233476160064FFEA /* PBXTargetDependency */,
			);
			name = hackthonTests;
			productName = hackthonTests;
			productReference = B8397D49233476160064FFEA /* hackthonTests.xctest */;
			productType = "com.apple.product-type.bundle.unit-test";
		};
		B8397D53233476160064FFEA /* hackthonUITests */ = {
			isa = PBXNativeTarget;
			buildConfigurationList = B8397D63233476160064FFEA /* Build configuration list for PBXNativeTarget "hackthonUITests" */;
			buildPhases = (
				16C692EF2E9D30B423273E13 /* [CP] Check Pods Manifest.lock */,
				B8397D50233476160064FFEA /* Sources */,
				B8397D51233476160064FFEA /* Frameworks */,
				B8397D52233476160064FFEA /* Resources */,
			);
			buildRules = (
			);
			dependencies = (
				B8397D56233476160064FFEA /* PBXTargetDependency */,
			);
			name = hackthonUITests;
			productName = hackthonUITests;
			productReference = B8397D54233476160064FFEA /* hackthonUITests.xctest */;
			productType = "com.apple.product-type.bundle.ui-testing";
		};
/* End PBXNativeTarget section */

/* Begin PBXProject section */
		B8397D2D233476150064FFEA /* Project object */ = {
			isa = PBXProject;
			attributes = {
				LastSwiftUpdateCheck = 1030;
				LastUpgradeCheck = 1030;
				ORGANIZATIONNAME = SandBlue;
				TargetAttributes = {
					B8397D34233476150064FFEA = {
						CreatedOnToolsVersion = 10.3;
					};
					B8397D48233476160064FFEA = {
						CreatedOnToolsVersion = 10.3;
						TestTargetID = B8397D34233476150064FFEA;
					};
					B8397D53233476160064FFEA = {
						CreatedOnToolsVersion = 10.3;
						TestTargetID = B8397D34233476150064FFEA;
					};
				};
			};
			buildConfigurationList = B8397D30233476150064FFEA /* Build configuration list for PBXProject "hackthon" */;
			compatibilityVersion = "Xcode 9.3";
			developmentRegion = en;
			hasScannedForEncodings = 0;
			knownRegions = (
				en,
				Base,
			);
			mainGroup = B8397D2C233476150064FFEA;
			productRefGroup = B8397D36233476150064FFEA /* Products */;
			projectDirPath = "";
			projectRoot = "";
			targets = (
				B8397D34233476150064FFEA /* hackthon */,
				B8397D48233476160064FFEA /* hackthonTests */,
				B8397D53233476160064FFEA /* hackthonUITests */,
			);
		};
/* End PBXProject section */

/* Begin PBXResourcesBuildPhase section */
		B8397D33233476150064FFEA /* Resources */ = {
			isa = PBXResourcesBuildPhase;
			buildActionMask = 2147483647;
			files = (
				AE24540C23386AAC00E84170 /* TakePhoto.storyboard in Resources */,
				AEB6A9572336865B009DD791 /* login.storyboard in Resources */,
				AE2454D4233B932800E84170 /* success.storyboard in Resources */,
				AE2454D6233B953900E84170 /* addFriend.storyboard in Resources */,
				AE2454D2233B8C6600E84170 /* mainpage.storyboard in Resources */,
				B8397D43233476160064FFEA /* LaunchScreen.storyboard in Resources */,
				B8397D40233476160064FFEA /* Assets.xcassets in Resources */,
				B8397D3E233476150064FFEA /* Main.storyboard in Resources */,
				AEB6A95B23368934009DD791 /* FriendList.storyboard in Resources */,
				0515787823423A8500B01A11 /* FriendListTableViewCell.xib in Resources */,
			);
			runOnlyForDeploymentPostprocessing = 0;
		};
		B8397D47233476160064FFEA /* Resources */ = {
			isa = PBXResourcesBuildPhase;
			buildActionMask = 2147483647;
			files = (
			);
			runOnlyForDeploymentPostprocessing = 0;
		};
		B8397D52233476160064FFEA /* Resources */ = {
			isa = PBXResourcesBuildPhase;
			buildActionMask = 2147483647;
			files = (
			);
			runOnlyForDeploymentPostprocessing = 0;
		};
/* End PBXResourcesBuildPhase section */

/* Begin PBXShellScriptBuildPhase section */
		0A30E9635BE247D08EFCB5E0 /* [CP] Embed Pods Frameworks */ = {
			isa = PBXShellScriptBuildPhase;
			buildActionMask = 2147483647;
			files = (
			);
			inputFileListPaths = (
				"${PODS_ROOT}/Target Support Files/Pods-hackthon/Pods-hackthon-frameworks-${CONFIGURATION}-input-files.xcfilelist",
			);
			name = "[CP] Embed Pods Frameworks";
			outputFileListPaths = (
				"${PODS_ROOT}/Target Support Files/Pods-hackthon/Pods-hackthon-frameworks-${CONFIGURATION}-output-files.xcfilelist",
			);
			runOnlyForDeploymentPostprocessing = 0;
			shellPath = /bin/sh;
			shellScript = "\"${PODS_ROOT}/Target Support Files/Pods-hackthon/Pods-hackthon-frameworks.sh\"\n";
			showEnvVarsInLog = 0;
		};
		16C692EF2E9D30B423273E13 /* [CP] Check Pods Manifest.lock */ = {
			isa = PBXShellScriptBuildPhase;
			buildActionMask = 2147483647;
			files = (
			);
			inputFileListPaths = (
			);
			inputPaths = (
				"${PODS_PODFILE_DIR_PATH}/Podfile.lock",
				"${PODS_ROOT}/Manifest.lock",
			);
			name = "[CP] Check Pods Manifest.lock";
			outputFileListPaths = (
			);
			outputPaths = (
				"$(DERIVED_FILE_DIR)/Pods-hackthonUITests-checkManifestLockResult.txt",
			);
			runOnlyForDeploymentPostprocessing = 0;
			shellPath = /bin/sh;
			shellScript = "diff \"${PODS_PODFILE_DIR_PATH}/Podfile.lock\" \"${PODS_ROOT}/Manifest.lock\" > /dev/null\nif [ $? != 0 ] ; then\n    # print error to STDERR\n    echo \"error: The sandbox is not in sync with the Podfile.lock. Run 'pod install' or update your CocoaPods installation.\" >&2\n    exit 1\nfi\n# This output is used by Xcode 'outputs' to avoid re-running this script phase.\necho \"SUCCESS\" > \"${SCRIPT_OUTPUT_FILE_0}\"\n";
			showEnvVarsInLog = 0;
		};
		9160C10DED0EB29B4B7E40C2 /* [CP] Check Pods Manifest.lock */ = {
			isa = PBXShellScriptBuildPhase;
			buildActionMask = 2147483647;
			files = (
			);
			inputFileListPaths = (
			);
			inputPaths = (
				"${PODS_PODFILE_DIR_PATH}/Podfile.lock",
				"${PODS_ROOT}/Manifest.lock",
			);
			name = "[CP] Check Pods Manifest.lock";
			outputFileListPaths = (
			);
			outputPaths = (
				"$(DERIVED_FILE_DIR)/Pods-hackthon-checkManifestLockResult.txt",
			);
			runOnlyForDeploymentPostprocessing = 0;
			shellPath = /bin/sh;
			shellScript = "diff \"${PODS_PODFILE_DIR_PATH}/Podfile.lock\" \"${PODS_ROOT}/Manifest.lock\" > /dev/null\nif [ $? != 0 ] ; then\n    # print error to STDERR\n    echo \"error: The sandbox is not in sync with the Podfile.lock. Run 'pod install' or update your CocoaPods installation.\" >&2\n    exit 1\nfi\n# This output is used by Xcode 'outputs' to avoid re-running this script phase.\necho \"SUCCESS\" > \"${SCRIPT_OUTPUT_FILE_0}\"\n";
			showEnvVarsInLog = 0;
		};
		ABB15F187CE27C896F12332E /* [CP] Check Pods Manifest.lock */ = {
			isa = PBXShellScriptBuildPhase;
			buildActionMask = 2147483647;
			files = (
			);
			inputFileListPaths = (
			);
			inputPaths = (
				"${PODS_PODFILE_DIR_PATH}/Podfile.lock",
				"${PODS_ROOT}/Manifest.lock",
			);
			name = "[CP] Check Pods Manifest.lock";
			outputFileListPaths = (
			);
			outputPaths = (
				"$(DERIVED_FILE_DIR)/Pods-hackthonTests-checkManifestLockResult.txt",
			);
			runOnlyForDeploymentPostprocessing = 0;
			shellPath = /bin/sh;
			shellScript = "diff \"${PODS_PODFILE_DIR_PATH}/Podfile.lock\" \"${PODS_ROOT}/Manifest.lock\" > /dev/null\nif [ $? != 0 ] ; then\n    # print error to STDERR\n    echo \"error: The sandbox is not in sync with the Podfile.lock. Run 'pod install' or update your CocoaPods installation.\" >&2\n    exit 1\nfi\n# This output is used by Xcode 'outputs' to avoid re-running this script phase.\necho \"SUCCESS\" > \"${SCRIPT_OUTPUT_FILE_0}\"\n";
			showEnvVarsInLog = 0;
		};
/* End PBXShellScriptBuildPhase section */

/* Begin PBXSourcesBuildPhase section */
		B8397D31233476150064FFEA /* Sources */ = {
			isa = PBXSourcesBuildPhase;
			buildActionMask = 2147483647;
			files = (
				B8397D3B233476150064FFEA /* ViewController.swift in Sources */,
				7EA71E4E233FBF5F00C7C9FD /* conTactListViewController.swift in Sources */,
				05F3A7A02343635F0041A3DE /* mainpageViewController.swift in Sources */,
				7EA71E4C233FA47100C7C9FD /* addFriendsHelper.swift in Sources */,
				0515787723423A8500B01A11 /* FriendListTableViewCell.swift in Sources */,
				B8397D39233476150064FFEA /* AppDelegate.swift in Sources */,
				051578702342336600B01A11 /* friendListViewController.swift in Sources */,
				7EA71E50233FC13F00C7C9FD /* conTactTableViewCell.swift in Sources */,
				05157874234238D700B01A11 /* Friend.swift in Sources */,
				AE624F062345E82C0080FA4A /* CameraController.swift in Sources */,
				7EA71E52233FC38F00C7C9FD /* contactObj.swift in Sources */,
				05102D072345D8A90029DEE8 /* ApiManager.swift in Sources */,
				0540130C23452CD8003CE560 /* APIManager.swift in Sources */,
				0540130A23452733003CE560 /* TakePhotoViewController.swift in Sources */,
				7EA71E4A233FA01300C7C9FD /* addFriendsViewController.swift in Sources */,
			);
			runOnlyForDeploymentPostprocessing = 0;
		};
		B8397D45233476160064FFEA /* Sources */ = {
			isa = PBXSourcesBuildPhase;
			buildActionMask = 2147483647;
			files = (
				B8397D4E233476160064FFEA /* hackthonTests.swift in Sources */,
			);
			runOnlyForDeploymentPostprocessing = 0;
		};
		B8397D50233476160064FFEA /* Sources */ = {
			isa = PBXSourcesBuildPhase;
			buildActionMask = 2147483647;
			files = (
				B8397D59233476160064FFEA /* hackthonUITests.swift in Sources */,
			);
			runOnlyForDeploymentPostprocessing = 0;
		};
/* End PBXSourcesBuildPhase section */

/* Begin PBXTargetDependency section */
		B8397D4B233476160064FFEA /* PBXTargetDependency */ = {
			isa = PBXTargetDependency;
			target = B8397D34233476150064FFEA /* hackthon */;
			targetProxy = B8397D4A233476160064FFEA /* PBXContainerItemProxy */;
		};
		B8397D56233476160064FFEA /* PBXTargetDependency */ = {
			isa = PBXTargetDependency;
			target = B8397D34233476150064FFEA /* hackthon */;
			targetProxy = B8397D55233476160064FFEA /* PBXContainerItemProxy */;
		};
/* End PBXTargetDependency section */

/* Begin PBXVariantGroup section */
		B8397D3C233476150064FFEA /* Main.storyboard */ = {
			isa = PBXVariantGroup;
			children = (
				B8397D3D233476150064FFEA /* Base */,
			);
			name = Main.storyboard;
			sourceTree = "<group>";
		};
		B8397D41233476160064FFEA /* LaunchScreen.storyboard */ = {
			isa = PBXVariantGroup;
			children = (
				B8397D42233476160064FFEA /* Base */,
			);
			name = LaunchScreen.storyboard;
			sourceTree = "<group>";
		};
/* End PBXVariantGroup section */

/* Begin XCBuildConfiguration section */
		B8397D5B233476160064FFEA /* Debug */ = {
			isa = XCBuildConfiguration;
			buildSettings = {
				ALWAYS_SEARCH_USER_PATHS = NO;
				CLANG_ANALYZER_NONNULL = YES;
				CLANG_ANALYZER_NUMBER_OBJECT_CONVERSION = YES_AGGRESSIVE;
				CLANG_CXX_LANGUAGE_STANDARD = "gnu++14";
				CLANG_CXX_LIBRARY = "libc++";
				CLANG_ENABLE_MODULES = YES;
				CLANG_ENABLE_OBJC_ARC = YES;
				CLANG_ENABLE_OBJC_WEAK = YES;
				CLANG_WARN_BLOCK_CAPTURE_AUTORELEASING = YES;
				CLANG_WARN_BOOL_CONVERSION = YES;
				CLANG_WARN_COMMA = YES;
				CLANG_WARN_CONSTANT_CONVERSION = YES;
				CLANG_WARN_DEPRECATED_OBJC_IMPLEMENTATIONS = YES;
				CLANG_WARN_DIRECT_OBJC_ISA_USAGE = YES_ERROR;
				CLANG_WARN_DOCUMENTATION_COMMENTS = YES;
				CLANG_WARN_EMPTY_BODY = YES;
				CLANG_WARN_ENUM_CONVERSION = YES;
				CLANG_WARN_INFINITE_RECURSION = YES;
				CLANG_WARN_INT_CONVERSION = YES;
				CLANG_WARN_NON_LITERAL_NULL_CONVERSION = YES;
				CLANG_WARN_OBJC_IMPLICIT_RETAIN_SELF = YES;
				CLANG_WARN_OBJC_LITERAL_CONVERSION = YES;
				CLANG_WARN_OBJC_ROOT_CLASS = YES_ERROR;
				CLANG_WARN_RANGE_LOOP_ANALYSIS = YES;
				CLANG_WARN_STRICT_PROTOTYPES = YES;
				CLANG_WARN_SUSPICIOUS_MOVE = YES;
				CLANG_WARN_UNGUARDED_AVAILABILITY = YES_AGGRESSIVE;
				CLANG_WARN_UNREACHABLE_CODE = YES;
				CLANG_WARN__DUPLICATE_METHOD_MATCH = YES;
				CODE_SIGN_IDENTITY = "iPhone Developer";
				COPY_PHASE_STRIP = NO;
				DEBUG_INFORMATION_FORMAT = dwarf;
				ENABLE_STRICT_OBJC_MSGSEND = YES;
				ENABLE_TESTABILITY = YES;
				GCC_C_LANGUAGE_STANDARD = gnu11;
				GCC_DYNAMIC_NO_PIC = NO;
				GCC_NO_COMMON_BLOCKS = YES;
				GCC_OPTIMIZATION_LEVEL = 0;
				GCC_PREPROCESSOR_DEFINITIONS = (
					"DEBUG=1",
					"$(inherited)",
				);
				GCC_WARN_64_TO_32_BIT_CONVERSION = YES;
				GCC_WARN_ABOUT_RETURN_TYPE = YES_ERROR;
				GCC_WARN_UNDECLARED_SELECTOR = YES;
				GCC_WARN_UNINITIALIZED_AUTOS = YES_AGGRESSIVE;
				GCC_WARN_UNUSED_FUNCTION = YES;
				GCC_WARN_UNUSED_VARIABLE = YES;
				IPHONEOS_DEPLOYMENT_TARGET = 12.4;
				MTL_ENABLE_DEBUG_INFO = INCLUDE_SOURCE;
				MTL_FAST_MATH = YES;
				ONLY_ACTIVE_ARCH = YES;
				SDKROOT = iphoneos;
				SWIFT_ACTIVE_COMPILATION_CONDITIONS = DEBUG;
				SWIFT_OPTIMIZATION_LEVEL = "-Onone";
			};
			name = Debug;
		};
		B8397D5C233476160064FFEA /* Release */ = {
			isa = XCBuildConfiguration;
			buildSettings = {
				ALWAYS_SEARCH_USER_PATHS = NO;
				CLANG_ANALYZER_NONNULL = YES;
				CLANG_ANALYZER_NUMBER_OBJECT_CONVERSION = YES_AGGRESSIVE;
				CLANG_CXX_LANGUAGE_STANDARD = "gnu++14";
				CLANG_CXX_LIBRARY = "libc++";
				CLANG_ENABLE_MODULES = YES;
				CLANG_ENABLE_OBJC_ARC = YES;
				CLANG_ENABLE_OBJC_WEAK = YES;
				CLANG_WARN_BLOCK_CAPTURE_AUTORELEASING = YES;
				CLANG_WARN_BOOL_CONVERSION = YES;
				CLANG_WARN_COMMA = YES;
				CLANG_WARN_CONSTANT_CONVERSION = YES;
				CLANG_WARN_DEPRECATED_OBJC_IMPLEMENTATIONS = YES;
				CLANG_WARN_DIRECT_OBJC_ISA_USAGE = YES_ERROR;
				CLANG_WARN_DOCUMENTATION_COMMENTS = YES;
				CLANG_WARN_EMPTY_BODY = YES;
				CLANG_WARN_ENUM_CONVERSION = YES;
				CLANG_WARN_INFINITE_RECURSION = YES;
				CLANG_WARN_INT_CONVERSION = YES;
				CLANG_WARN_NON_LITERAL_NULL_CONVERSION = YES;
				CLANG_WARN_OBJC_IMPLICIT_RETAIN_SELF = YES;
				CLANG_WARN_OBJC_LITERAL_CONVERSION = YES;
				CLANG_WARN_OBJC_ROOT_CLASS = YES_ERROR;
				CLANG_WARN_RANGE_LOOP_ANALYSIS = YES;
				CLANG_WARN_STRICT_PROTOTYPES = YES;
				CLANG_WARN_SUSPICIOUS_MOVE = YES;
				CLANG_WARN_UNGUARDED_AVAILABILITY = YES_AGGRESSIVE;
				CLANG_WARN_UNREACHABLE_CODE = YES;
				CLANG_WARN__DUPLICATE_METHOD_MATCH = YES;
				CODE_SIGN_IDENTITY = "iPhone Developer";
				COPY_PHASE_STRIP = NO;
				DEBUG_INFORMATION_FORMAT = "dwarf-with-dsym";
				ENABLE_NS_ASSERTIONS = NO;
				ENABLE_STRICT_OBJC_MSGSEND = YES;
				GCC_C_LANGUAGE_STANDARD = gnu11;
				GCC_NO_COMMON_BLOCKS = YES;
				GCC_WARN_64_TO_32_BIT_CONVERSION = YES;
				GCC_WARN_ABOUT_RETURN_TYPE = YES_ERROR;
				GCC_WARN_UNDECLARED_SELECTOR = YES;
				GCC_WARN_UNINITIALIZED_AUTOS = YES_AGGRESSIVE;
				GCC_WARN_UNUSED_FUNCTION = YES;
				GCC_WARN_UNUSED_VARIABLE = YES;
				IPHONEOS_DEPLOYMENT_TARGET = 12.4;
				MTL_ENABLE_DEBUG_INFO = NO;
				MTL_FAST_MATH = YES;
				SDKROOT = iphoneos;
				SWIFT_COMPILATION_MODE = wholemodule;
				SWIFT_OPTIMIZATION_LEVEL = "-O";
				VALIDATE_PRODUCT = YES;
			};
			name = Release;
		};
		B8397D5E233476160064FFEA /* Debug */ = {
			isa = XCBuildConfiguration;
			baseConfigurationReference = A852BCB7595BEE1235795C72 /* Pods-hackthon.debug.xcconfig */;
			buildSettings = {
				ASSETCATALOG_COMPILER_APPICON_NAME = AppIcon;
				CODE_SIGN_STYLE = Automatic;
				DEVELOPMENT_TEAM = XKK9SXZK6K;
				INFOPLIST_FILE = hackthon/Info.plist;
				IPHONEOS_DEPLOYMENT_TARGET = 12.4;
				LD_RUNPATH_SEARCH_PATHS = (
					"$(inherited)",
					"@executable_path/Frameworks",
				);
				PRODUCT_BUNDLE_IDENTIFIER = com.123.hackthon;
				PRODUCT_NAME = "$(TARGET_NAME)";
				SWIFT_VERSION = 5.0;
				TARGETED_DEVICE_FAMILY = "1,2";
			};
			name = Debug;
		};
		B8397D5F233476160064FFEA /* Release */ = {
			isa = XCBuildConfiguration;
			baseConfigurationReference = 8508340FB5E5A6AC51AD0D16 /* Pods-hackthon.release.xcconfig */;
			buildSettings = {
				ASSETCATALOG_COMPILER_APPICON_NAME = AppIcon;
				CODE_SIGN_STYLE = Automatic;
				DEVELOPMENT_TEAM = XKK9SXZK6K;
				INFOPLIST_FILE = hackthon/Info.plist;
				IPHONEOS_DEPLOYMENT_TARGET = 12.4;
				LD_RUNPATH_SEARCH_PATHS = (
					"$(inherited)",
					"@executable_path/Frameworks",
				);
				PRODUCT_BUNDLE_IDENTIFIER = com.123.hackthon;
				PRODUCT_NAME = "$(TARGET_NAME)";
				SWIFT_VERSION = 5.0;
				TARGETED_DEVICE_FAMILY = "1,2";
			};
			name = Release;
		};
		B8397D61233476160064FFEA /* Debug */ = {
			isa = XCBuildConfiguration;
			baseConfigurationReference = 7A0C489C5B1C0A9975CD0AE8 /* Pods-hackthonTests.debug.xcconfig */;
			buildSettings = {
				ALWAYS_EMBED_SWIFT_STANDARD_LIBRARIES = YES;
				BUNDLE_LOADER = "$(TEST_HOST)";
				CODE_SIGN_STYLE = Automatic;
				INFOPLIST_FILE = hackthonTests/Info.plist;
				LD_RUNPATH_SEARCH_PATHS = (
					"$(inherited)",
					"@executable_path/Frameworks",
					"@loader_path/Frameworks",
				);
				PRODUCT_BUNDLE_IDENTIFIER = org.sandblue.hackthonTests;
				PRODUCT_NAME = "$(TARGET_NAME)";
				SWIFT_VERSION = 5.0;
				TARGETED_DEVICE_FAMILY = "1,2";
				TEST_HOST = "$(BUILT_PRODUCTS_DIR)/hackthon.app/hackthon";
			};
			name = Debug;
		};
		B8397D62233476160064FFEA /* Release */ = {
			isa = XCBuildConfiguration;
			baseConfigurationReference = 9FFB32C384D171E200BDB900 /* Pods-hackthonTests.release.xcconfig */;
			buildSettings = {
				ALWAYS_EMBED_SWIFT_STANDARD_LIBRARIES = YES;
				BUNDLE_LOADER = "$(TEST_HOST)";
				CODE_SIGN_STYLE = Automatic;
				INFOPLIST_FILE = hackthonTests/Info.plist;
				LD_RUNPATH_SEARCH_PATHS = (
					"$(inherited)",
					"@executable_path/Frameworks",
					"@loader_path/Frameworks",
				);
				PRODUCT_BUNDLE_IDENTIFIER = org.sandblue.hackthonTests;
				PRODUCT_NAME = "$(TARGET_NAME)";
				SWIFT_VERSION = 5.0;
				TARGETED_DEVICE_FAMILY = "1,2";
				TEST_HOST = "$(BUILT_PRODUCTS_DIR)/hackthon.app/hackthon";
			};
			name = Release;
		};
		B8397D64233476160064FFEA /* Debug */ = {
			isa = XCBuildConfiguration;
			baseConfigurationReference = 22D0BA0662685B79BAA59849 /* Pods-hackthonUITests.debug.xcconfig */;
			buildSettings = {
				ALWAYS_EMBED_SWIFT_STANDARD_LIBRARIES = YES;
				CODE_SIGN_STYLE = Automatic;
				INFOPLIST_FILE = hackthonUITests/Info.plist;
				LD_RUNPATH_SEARCH_PATHS = (
					"$(inherited)",
					"@executable_path/Frameworks",
					"@loader_path/Frameworks",
				);
				PRODUCT_BUNDLE_IDENTIFIER = org.sandblue.hackthonUITests;
				PRODUCT_NAME = "$(TARGET_NAME)";
				SWIFT_VERSION = 5.0;
				TARGETED_DEVICE_FAMILY = "1,2";
				TEST_TARGET_NAME = hackthon;
			};
			name = Debug;
		};
		B8397D65233476160064FFEA /* Release */ = {
			isa = XCBuildConfiguration;
			baseConfigurationReference = 169CB8A32555B51F9283D6B6 /* Pods-hackthonUITests.release.xcconfig */;
			buildSettings = {
				ALWAYS_EMBED_SWIFT_STANDARD_LIBRARIES = YES;
				CODE_SIGN_STYLE = Automatic;
				INFOPLIST_FILE = hackthonUITests/Info.plist;
				LD_RUNPATH_SEARCH_PATHS = (
					"$(inherited)",
					"@executable_path/Frameworks",
					"@loader_path/Frameworks",
				);
				PRODUCT_BUNDLE_IDENTIFIER = org.sandblue.hackthonUITests;
				PRODUCT_NAME = "$(TARGET_NAME)";
				SWIFT_VERSION = 5.0;
				TARGETED_DEVICE_FAMILY = "1,2";
				TEST_TARGET_NAME = hackthon;
			};
			name = Release;
		};
/* End XCBuildConfiguration section */

/* Begin XCConfigurationList section */
		B8397D30233476150064FFEA /* Build configuration list for PBXProject "hackthon" */ = {
			isa = XCConfigurationList;
			buildConfigurations = (
				B8397D5B233476160064FFEA /* Debug */,
				B8397D5C233476160064FFEA /* Release */,
			);
			defaultConfigurationIsVisible = 0;
			defaultConfigurationName = Release;
		};
		B8397D5D233476160064FFEA /* Build configuration list for PBXNativeTarget "hackthon" */ = {
			isa = XCConfigurationList;
			buildConfigurations = (
				B8397D5E233476160064FFEA /* Debug */,
				B8397D5F233476160064FFEA /* Release */,
			);
			defaultConfigurationIsVisible = 0;
			defaultConfigurationName = Release;
		};
		B8397D60233476160064FFEA /* Build configuration list for PBXNativeTarget "hackthonTests" */ = {
			isa = XCConfigurationList;
			buildConfigurations = (
				B8397D61233476160064FFEA /* Debug */,
				B8397D62233476160064FFEA /* Release */,
			);
			defaultConfigurationIsVisible = 0;
			defaultConfigurationName = Release;
		};
		B8397D63233476160064FFEA /* Build configuration list for PBXNativeTarget "hackthonUITests" */ = {
			isa = XCConfigurationList;
			buildConfigurations = (
				B8397D64233476160064FFEA /* Debug */,
				B8397D65233476160064FFEA /* Release */,
			);
			defaultConfigurationIsVisible = 0;
			defaultConfigurationName = Release;
		};
/* End XCConfigurationList section */
	};
	rootObject = B8397D2D233476150064FFEA /* Project object */;
}
